
Microsoft Visual Studio Solution File, Format Version 12.00
# Visual Studio 15
Project("{f2a71f9b-5d33-465a-a702-920d77279786}") = "Todos", "Todos.fsproj", "{63D9DBEB-4A27-40A5-9CB3-3CBFDE87A9F1}"
EndProject
Global
	GlobalSection(SolutionConfigurationPlatforms) = preSolution
		Debug|Any CPU = Debug|Any CPU
		Release|Any CPU = Release|Any CPU
	EndGlobalSection
	GlobalSection(ProjectConfigurationPlatforms) = postSolution
		{63D9DBEB-4A27-40A5-9CB3-3CBFDE87A9F1}.Debug|Any CPU.ActiveCfg = Debug|Any CPU
		{63D9DBEB-4A27-40A5-9CB3-3CBFDE87A9F1}.Debug|Any CPU.Build.0 = Debug|Any CPU
		{63D9DBEB-4A27-40A5-9CB3-3CBFDE87A9F1}.Release|Any CPU.ActiveCfg = Release|Any CPU
		{63D9DBEB-4A27-40A5-9CB3-3CBFDE87A9F1}.Release|Any CPU.Build.0 = Release|Any CPU
	EndGlobalSection
EndGlobal
